# THIS IS AN AUTOGENERATED FILE. DO NOT EDIT THIS FILE DIRECTLY.
# yarn lockfile v1


"@kazupon/vue-i18n-loader@^0.4.0":
  version "0.4.1"
  resolved "https://registry.yarnpkg.com/@kazupon/vue-i18n-loader/-/vue-i18n-loader-0.4.1.tgz#71730a821ff15754eb004629d673b47f8d80fdd1"
  integrity sha512-hVznmhnyoUKozGY7pwq/UtPL76UDzb+aiN2YksZZIzCY/MkEqih0MSyEmTGw7+HVWzJRPAlDyoRNR4tWKmkCRw==
  dependencies:
    js-yaml "^3.13.1"
    json5 "^2.1.0"

argparse@^1.0.7:
  version "1.0.10"
  resolved "https://registry.yarnpkg.com/argparse/-/argparse-1.0.10.tgz#bcd6791ea5ae09725e17e5ad988134cd40b3d911"
  integrity sha512-o5Roy6tNG4SL/FOkCAN6RzjiakZS25RLYFrcMttJqbdd8BWrnA+fGz57iN5Pb06pvBGvl5gQ0B48dJlslXvoTg==
  dependencies:
    sprintf-js "~1.0.2"

esprima@^4.0.0:
  version "4.0.1"
  resolved "https://registry.yarnpkg.com/esprima/-/esprima-4.0.1.tgz#13b04cdb3e6c5d19df91ab6987a8695619b0aa71"
  integrity sha512-eGuFFw7Upda+g4p+QHvnW0RyTX/SVeJBDM/gCtMARO0cLuT2HcEKnTPvhjV6aGeqrCB/sbNop0Kszm0jsaWU4A==

js-yaml@^3.13.1, js-yaml@^3.5.2:
  version "3.13.1"
  resolved "https://registry.yarnpkg.com/js-yaml/-/js-yaml-3.13.1.tgz#aff151b30bfdfa8e49e05da22e7415e9dfa37847"
  integrity sha512-YfbcO7jXDdyj0DGxYVSlSeQNHbD7XPWvrVWeVUujrQEoZzWJIRrCPoyk6kL6IAjAG2IolMK4T0hNUe0HOUs5Jw==
  dependencies:
    argparse "^1.0.7"
    esprima "^4.0.0"

json5@^2.1.0:
  version "2.1.0"
  resolved "https://registry.yarnpkg.com/json5/-/json5-2.1.0.tgz#e7a0c62c48285c628d20a10b85c89bb807c32850"
  integrity sha512-8Mh9h6xViijj36g7Dxi+Y4S6hNGV96vcJZr/SrlHh1LR/pEn/8j/+qIBbs44YKl69Lrfctp4QD+AdWLTMqEZAQ==
  dependencies:
    minimist "^1.2.0"

minimist@^1.2.0:
  version "1.2.0"
  resolved "https://registry.yarnpkg.com/minimist/-/minimist-1.2.0.tgz#a35008b20f41383eec1fb914f4cd5df79a264284"
  integrity sha1-o1AIsg9BOD7sH7kU9M1d95omQoQ=

sprintf-js@~1.0.2:
  version "1.0.3"
  resolved "https://registry.yarnpkg.com/sprintf-js/-/sprintf-js-1.0.3.tgz#04e6926f662895354f3dd015203633b857297e2c"
  integrity sha1-BOaSb2YolTVPPdAVIDYzuFcpfiw=

vue-i18n@^8.0.0:
  version "8.14.1"
  resolved "https://registry.yarnpkg.com/vue-i18n/-/vue-i18n-8.14.1.tgz#0ca0a2742c14e0144481655157fffcc7cc313e50"
  integrity sha512-uHzw5GTFyf/TmjJXveSl3L4CG61KI4lvhKOQvx8W4Y8P2LZ3v3l/qw4KRs1C6pWyjkfY9p0rezYNFO5YzMEQ8A==

yaml-loader@^0.5.0:
  version "0.5.0"
  resolved "https://registry.yarnpkg.com/yaml-loader/-/yaml-loader-0.5.0.tgz#86b1982d84a8e429e6647d93de9a0169e1c15827"
  integrity sha512-p9QIzcFSNm4mCw/m5NdyMfN4RE4aFZJWRRb01ERVNGCym8VNbKtw3OYZXnvUIkim6U/EjqE/2yIh9F/msShH9A==
  dependencies:
    js-yaml "^3.5.2"
